
Microsoft Visual Studio Solution File, Format Version 12.00
# Visual Studio Version 17
VisualStudioVersion = 17.7.34031.279
MinimumVisualStudioVersion = 10.0.40219.1
Project("{FAE04EC0-301F-11D3-BF4B-00C04F79EFBC}") = "BillingSystem", "BillingSystem\BillingSystem.csproj", "{A671FF7F-FF40-4A34-8901-930383ACB646}"
EndProject
Project("{FAE04EC0-301F-11D3-BF4B-00C04F79EFBC}") = "BillingLibrary", "BillingLibrary\BillingLibrary.csproj", "{8BF1A353-3FC8-4B1A-852E-3539258EF692}"
EndProject
Global
	GlobalSection(SolutionConfigurationPlatforms) = preSolution
		Debug|Any CPU = Debug|Any CPU
		Release|Any CPU = Release|Any CPU
	EndGlobalSection
	GlobalSection(ProjectConfigurationPlatforms) = postSolution
		{A671FF7F-FF40-4A34-8901-930383ACB646}.Debug|Any CPU.ActiveCfg = Debug|Any CPU
		{A671FF7F-FF40-4A34-8901-930383ACB646}.Debug|Any CPU.Build.0 = Debug|Any CPU
		{A671FF7F-FF40-4A34-8901-930383ACB646}.Release|Any CPU.ActiveCfg = Release|Any CPU
		{A671FF7F-FF40-4A34-8901-930383ACB646}.Release|Any CPU.Build.0 = Release|Any CPU
		{8BF1A353-3FC8-4B1A-852E-3539258EF692}.Debug|Any CPU.ActiveCfg = Debug|Any CPU
		{8BF1A353-3FC8-4B1A-852E-3539258EF692}.Debug|Any CPU.Build.0 = Debug|Any CPU
		{8BF1A353-3FC8-4B1A-852E-3539258EF692}.Release|Any CPU.ActiveCfg = Release|Any CPU
		{8BF1A353-3FC8-4B1A-852E-3539258EF692}.Release|Any CPU.Build.0 = Release|Any CPU
	EndGlobalSection
	GlobalSection(SolutionProperties) = preSolution
		HideSolutionNode = FALSE
	EndGlobalSection
	GlobalSection(ExtensibilityGlobals) = postSolution
		SolutionGuid = {F7073175-B510-4AAF-AE3B-04CB2E3A4E9D}
	EndGlobalSection
EndGlobal
